
Microsoft Visual Studio Solution File, Format Version 12.00
# Visual Studio Version 17
VisualStudioVersion = 17.8.34330.188
MinimumVisualStudioVersion = 10.0.40219.1
Project("{FAE04EC0-301F-11D3-BF4B-00C04F79EFBC}") = "DatabaseSimulation", "DatabaseSimulation\DatabaseSimulation.csproj", "{4928ED7F-0655-4730-9DB8-2D9DB958D9BE}"
EndProject
Global
	GlobalSection(SolutionConfigurationPlatforms) = preSolution
		Debug|Any CPU = Debug|Any CPU
		Release|Any CPU = Release|Any CPU
	EndGlobalSection
	GlobalSection(ProjectConfigurationPlatforms) = postSolution
		{4928ED7F-0655-4730-9DB8-2D9DB958D9BE}.Debug|Any CPU.ActiveCfg = Debug|Any CPU
		{4928ED7F-0655-4730-9DB8-2D9DB958D9BE}.Debug|Any CPU.Build.0 = Debug|Any CPU
		{4928ED7F-0655-4730-9DB8-2D9DB958D9BE}.Release|Any CPU.ActiveCfg = Release|Any CPU
		{4928ED7F-0655-4730-9DB8-2D9DB958D9BE}.Release|Any CPU.Build.0 = Release|Any CPU
	EndGlobalSection
	GlobalSection(SolutionProperties) = preSolution
		HideSolutionNode = FALSE
	EndGlobalSection
	GlobalSection(ExtensibilityGlobals) = postSolution
		SolutionGuid = {D9DBEE06-1348-48B4-B090-3679E5D63D73}
	EndGlobalSection
EndGlobal
